<?xml version="1.0" encoding="utf-8"?>
<Project ToolsVersion="4.0" xmlns="http://schemas.microsoft.com/developer/msbuild/2003">
  <ItemGroup>
    <ClCompile Include="main.cpp" />
    <ClCompile Include="Camera.cpp">
      <Filter>Camera</Filter>
    </ClCompile>
    <ClCompile Include="InputDevice.cpp">
      <Filter>Input</Filter>
    </ClCompile>
    <ClCompile Include="Keyboard.cpp">
      <Filter>Input\Keyboard</Filter>
    </ClCompile>
    <ClCompile Include="Joystick.cpp">
      <Filter>Input\Joystick</Filter>
    </ClCompile>
    <ClCompile Include="Mouse.cpp">
      <Filter>Input\Mouse</Filter>
    </ClCompile>
    <ClCompile Include="Sprite.cpp">
      <Filter>Sprite</Filter>
    </ClCompile>
    <ClCompile Include="WinSystem.cpp">
      <Filter>System</Filter>
    </ClCompile>
    <ClCompile Include="D3dSystem.cpp">
      <Filter>System</Filter>
    </ClCompile>
    <ClCompile Include="UISprite.cpp">
      <Filter>Sprite</Filter>
    </ClCompile>
    <ClCompile Include="TextureManager.cpp">
      <Filter>Sprite</Filter>
    </ClCompile>
    <ClCompile Include="CameraManager.cpp">
      <Filter>Camera</Filter>
    </ClCompile>
    <ClCompile Include="MusicManager.cpp">
      <Filter>Music</Filter>
    </ClCompile>
    <ClCompile Include="SceneManager.cpp">
      <Filter>Scene</Filter>
    </ClCompile>
    <ClCompile Include="TitleScene.cpp">
      <Filter>Scene\TitleScene</Filter>
    </ClCompile>
    <ClCompile Include="HowToScene.cpp">
      <Filter>Scene\HowToScene</Filter>
    </ClCompile>
    <ClCompile Include="GameScene.cpp">
      <Filter>Scene\GameScene</Filter>
    </ClCompile>
    <ClCompile Include="Collider.cpp">
      <Filter>Collision</Filter>
    </ClCompile>
    <ClCompile Include="Objects.cpp">
      <Filter>Objects</Filter>
    </ClCompile>
    <ClCompile Include="Hero.cpp">
      <Filter>Objects</Filter>
    </ClCompile>
    <ClCompile Include="DataLoader.cpp">
      <Filter>Manager</Filter>
    </ClCompile>
    <ClCompile Include="BossManager.cpp">
      <Filter>Manager</Filter>
    </ClCompile>
    <ClCompile Include="Boss.cpp">
      <Filter>Objects</Filter>
    </ClCompile>
    <ClCompile Include="PatternQueueManager.cpp">
      <Filter>Manager</Filter>
    </ClCompile>
    <ClCompile Include="PatternCommand.cpp">
      <Filter>PatternCommand</Filter>
    </ClCompile>
    <ClCompile Include="Position.cpp" />
    <ClCompile Include="Pattern.cpp">
      <Filter>Pattern</Filter>
    </ClCompile>
    <ClCompile Include="PatternCommand_Move.cpp">
      <Filter>PatternCommand\Move</Filter>
    </ClCompile>
    <ClCompile Include="PatternCommand_Wait.cpp">
      <Filter>PatternCommand\Wait</Filter>
    </ClCompile>
    <ClCompile Include="PatternCommand_Stay.cpp">
      <Filter>PatternCommand\Stay</Filter>
    </ClCompile>
    <ClCompile Include="PatternCommand_Sound.cpp">
      <Filter>PatternCommand\Sound</Filter>
    </ClCompile>
    <ClCompile Include="PatternCommand_Shake.cpp">
      <Filter>PatternCommand\Shake</Filter>
    </ClCompile>
    <ClCompile Include="PatternCommand_Drop.cpp">
      <Filter>PatternCommand\Drop</Filter>
    </ClCompile>
    <ClCompile Include="Pattern_Move.cpp">
      <Filter>Pattern\Move</Filter>
    </ClCompile>
    <ClCompile Include="Pattern_Drop.cpp">
      <Filter>Pattern\Drop</Filter>
    </ClCompile>
    <ClCompile Include="Pattern_Stay.cpp">
      <Filter>Pattern\Stay</Filter>
    </ClCompile>
    <ClCompile Include="PatternCommand_Warning.cpp">
      <Filter>PatternCommand\Warning</Filter>
    </ClCompile>
    <ClCompile Include="Pattern_Warning.cpp">
      <Filter>Pattern\Warning</Filter>
    </ClCompile>
    <ClCompile Include="PatternCommand_Irregular.cpp">
      <Filter>PatternCommand\Irregular</Filter>
    </ClCompile>
    <ClCompile Include="LineEffect.cpp">
      <Filter>Effect</Filter>
    </ClCompile>
    <ClCompile Include="Lazer.cpp">
      <Filter>Objects</Filter>
    </ClCompile>
    <ClCompile Include="Pattern_Irregular22.cpp">
      <Filter>Pattern\Irregular\Boss2</Filter>
    </ClCompile>
    <ClCompile Include="Pattern_Irregular23.cpp">
      <Filter>Pattern\Irregular\Boss2</Filter>
    </ClCompile>
    <ClCompile Include="Pattern_Irregular31.cpp">
      <Filter>Pattern\Irregular\Boss3</Filter>
    </ClCompile>
    <ClCompile Include="Pattern_Irregular32.cpp">
      <Filter>Pattern\Irregular\Boss3</Filter>
    </ClCompile>
    <ClCompile Include="Pattern_Irregular33.cpp">
      <Filter>Pattern\Irregular\Boss3</Filter>
    </ClCompile>
    <ClCompile Include="Return.cpp">
      <Filter>Objects</Filter>
    </ClCompile>
    <ClCompile Include="Pattern_Irregular52.cpp">
      <Filter>Pattern\Irregular\Boss5</Filter>
    </ClCompile>
    <ClCompile Include="Pattern_Irregular61.cpp">
      <Filter>Pattern\Irregular\Boss6</Filter>
    </ClCompile>
  </ItemGroup>
  <ItemGroup>
    <ClInclude Include="Camera.h">
      <Filter>Camera</Filter>
    </ClInclude>
    <ClInclude Include="InputDevice.h">
      <Filter>Input</Filter>
    </ClInclude>
    <ClInclude Include="Keyboard.h">
      <Filter>Input\Keyboard</Filter>
    </ClInclude>
    <ClInclude Include="Joystick.h">
      <Filter>Input\Joystick</Filter>
    </ClInclude>
    <ClInclude Include="Mouse.h">
      <Filter>Input\Mouse</Filter>
    </ClInclude>
    <ClInclude Include="Sprite.h">
      <Filter>Sprite</Filter>
    </ClInclude>
    <ClInclude Include="WinSystem.h">
      <Filter>System</Filter>
    </ClInclude>
    <ClInclude Include="D3dSystem.h">
      <Filter>System</Filter>
    </ClInclude>
    <ClInclude Include="UISprite.h">
      <Filter>Sprite</Filter>
    </ClInclude>
    <ClInclude Include="TextureManager.h">
      <Filter>Sprite</Filter>
    </ClInclude>
    <ClInclude Include="D3dDevice.h">
      <Filter>System</Filter>
    </ClInclude>
    <ClInclude Include="CameraManager.h">
      <Filter>Camera</Filter>
    </ClInclude>
    <ClInclude Include="MusicManager.h">
      <Filter>Music</Filter>
    </ClInclude>
    <ClInclude Include="Scene.h">
      <Filter>Scene</Filter>
    </ClInclude>
    <ClInclude Include="SceneManager.h">
      <Filter>Scene</Filter>
    </ClInclude>
    <ClInclude Include="TitleScene.h">
      <Filter>Scene\TitleScene</Filter>
    </ClInclude>
    <ClInclude Include="GameScene.h">
      <Filter>Scene\GameScene</Filter>
    </ClInclude>
    <ClInclude Include="Objects.h">
      <Filter>Objects</Filter>
    </ClInclude>
    <ClInclude Include="Bounding.h">
      <Filter>Collision</Filter>
    </ClInclude>
    <ClInclude Include="Collider.h">
      <Filter>Collision</Filter>
    </ClInclude>
    <ClInclude Include="Hero.h">
      <Filter>Objects</Filter>
    </ClInclude>
    <ClInclude Include="DataLoader.h">
      <Filter>Manager</Filter>
    </ClInclude>
    <ClInclude Include="BossManager.h">
      <Filter>Manager</Filter>
    </ClInclude>
    <ClInclude Include="Boss.h">
      <Filter>Objects</Filter>
    </ClInclude>
    <ClInclude Include="Singleton.h" />
    <ClInclude Include="PatternQueueManager.h">
      <Filter>Manager</Filter>
    </ClInclude>
    <ClInclude Include="PatternCommand.h">
      <Filter>PatternCommand</Filter>
    </ClInclude>
    <ClInclude Include="Position.h" />
    <ClInclude Include="Pattern.h">
      <Filter>Pattern</Filter>
    </ClInclude>
    <ClInclude Include="PatternCommand_Move.h">
      <Filter>PatternCommand\Move</Filter>
    </ClInclude>
    <ClInclude Include="PatternCommand_Wait.h">
      <Filter>PatternCommand\Wait</Filter>
    </ClInclude>
    <ClInclude Include="PatternCommand_Stay.h">
      <Filter>PatternCommand\Stay</Filter>
    </ClInclude>
    <ClInclude Include="PatternCommand_Sound.h">
      <Filter>PatternCommand\Sound</Filter>
    </ClInclude>
    <ClInclude Include="PatternCommand_Shake.h">
      <Filter>PatternCommand\Shake</Filter>
    </ClInclude>
    <ClInclude Include="PatternCommand_Drop.h">
      <Filter>PatternCommand\Drop</Filter>
    </ClInclude>
    <ClInclude Include="Pattern_Move.h">
      <Filter>Pattern\Move</Filter>
    </ClInclude>
    <ClInclude Include="Pattern_Drop.h">
      <Filter>Pattern\Drop</Filter>
    </ClInclude>
    <ClInclude Include="Pattern_Stay.h">
      <Filter>Pattern\Stay</Filter>
    </ClInclude>
    <ClInclude Include="PatternCommand_Warning.h">
      <Filter>PatternCommand\Warning</Filter>
    </ClInclude>
    <ClInclude Include="Pattern_Warning.h">
      <Filter>Pattern\Warning</Filter>
    </ClInclude>
    <ClInclude Include="PatternCommand_Irregular.h">
      <Filter>PatternCommand\Irregular</Filter>
    </ClInclude>
    <ClInclude Include="LineEffect.h">
      <Filter>Effect</Filter>
    </ClInclude>
    <ClInclude Include="Lazer.h">
      <Filter>Objects</Filter>
    </ClInclude>
    <ClInclude Include="Pattern_Irregular22.h">
      <Filter>Pattern\Irregular\Boss2</Filter>
    </ClInclude>
    <ClInclude Include="Pattern_Irregular23.h">
      <Filter>Pattern\Irregular\Boss2</Filter>
    </ClInclude>
    <ClInclude Include="Pattern_Irregular31.h">
      <Filter>Pattern\Irregular\Boss3</Filter>
    </ClInclude>
    <ClInclude Include="Pattern_Irregular32.h">
      <Filter>Pattern\Irregular\Boss3</Filter>
    </ClInclude>
    <ClInclude Include="Pattern_Irregular33.h">
      <Filter>Pattern\Irregular\Boss3</Filter>
    </ClInclude>
    <ClInclude Include="Return.h">
      <Filter>Objects</Filter>
    </ClInclude>
    <ClInclude Include="Pattern_Irregular52.h">
      <Filter>Pattern\Irregular\Boss5</Filter>
    </ClInclude>
    <ClInclude Include="Pattern_Irregular61.h">
      <Filter>Pattern\Irregular\Boss6</Filter>
    </ClInclude>
  </ItemGroup>
  <ItemGroup>
    <Filter Include="Input">
      <UniqueIdentifier>{4ced6e0d-f5e9-4bf6-b17c-a5adb70956d1}</UniqueIdentifier>
    </Filter>
    <Filter Include="Camera">
      <UniqueIdentifier>{afaa3fdc-b837-41e6-9732-5e3b106d2e2a}</UniqueIdentifier>
    </Filter>
    <Filter Include="Sprite">
      <UniqueIdentifier>{a6ebb11c-4d13-4acf-b135-c7a60bd95b89}</UniqueIdentifier>
    </Filter>
    <Filter Include="System">
      <UniqueIdentifier>{b458d96c-cd47-42f0-8dce-17f4139ce764}</UniqueIdentifier>
    </Filter>
    <Filter Include="Input\Keyboard">
      <UniqueIdentifier>{a98dc42d-dfe3-4853-be59-a0f6e4dc2185}</UniqueIdentifier>
    </Filter>
    <Filter Include="Input\Joystick">
      <UniqueIdentifier>{567428eb-5b7e-4b87-9c03-b75fbddfbf9d}</UniqueIdentifier>
    </Filter>
    <Filter Include="Input\Mouse">
      <UniqueIdentifier>{da6eebf9-eaf7-4ba7-bc59-e83facc8b3b9}</UniqueIdentifier>
    </Filter>
    <Filter Include="Music">
      <UniqueIdentifier>{20f3370a-ac2e-4037-9d8c-c2dd436c93e7}</UniqueIdentifier>
    </Filter>
    <Filter Include="Scene">
      <UniqueIdentifier>{09e25e2d-2eaa-43b0-b1ef-6b3f56621ca4}</UniqueIdentifier>
    </Filter>
    <Filter Include="Scene\TitleScene">
      <UniqueIdentifier>{389def6d-f84b-405c-8e79-00df9462ed97}</UniqueIdentifier>
    </Filter>
    <Filter Include="Scene\HowToScene">
      <UniqueIdentifier>{1ece794c-f912-4208-8e1e-e1f500daf60b}</UniqueIdentifier>
    </Filter>
    <Filter Include="Scene\GameScene">
      <UniqueIdentifier>{5d9654b3-e4a4-4bef-89ec-f409791d867e}</UniqueIdentifier>
    </Filter>
    <Filter Include="Objects">
      <UniqueIdentifier>{a3e06fd2-2adc-4c62-a6f0-ff9bde737376}</UniqueIdentifier>
    </Filter>
    <Filter Include="Collision">
      <UniqueIdentifier>{55734359-515e-4aa0-abe8-af328062e25f}</UniqueIdentifier>
    </Filter>
    <Filter Include="Manager">
      <UniqueIdentifier>{c95ed06c-be06-413f-9740-987bc667acd2}</UniqueIdentifier>
    </Filter>
    <Filter Include="PatternCommand">
      <UniqueIdentifier>{fe20f031-6b77-44e3-b7fd-b42d5aa26842}</UniqueIdentifier>
    </Filter>
    <Filter Include="Pattern">
      <UniqueIdentifier>{96897db7-a36d-4beb-96ce-08bf552fc3e3}</UniqueIdentifier>
    </Filter>
    <Filter Include="PatternCommand\Move">
      <UniqueIdentifier>{92eb4d9e-927c-488a-a755-0f210e965237}</UniqueIdentifier>
    </Filter>
    <Filter Include="PatternCommand\Wait">
      <UniqueIdentifier>{1a864b8d-f8bd-401c-b791-b91b550ac4f5}</UniqueIdentifier>
    </Filter>
    <Filter Include="PatternCommand\Stay">
      <UniqueIdentifier>{302b248e-15a9-4e3f-a7c0-e847af479a17}</UniqueIdentifier>
    </Filter>
    <Filter Include="PatternCommand\Sound">
      <UniqueIdentifier>{a2be8ea0-768c-4f84-8d6d-1d9967ab1b9c}</UniqueIdentifier>
    </Filter>
    <Filter Include="PatternCommand\Shake">
      <UniqueIdentifier>{e0721b1b-accf-42ad-bda7-344f299f41f4}</UniqueIdentifier>
    </Filter>
    <Filter Include="PatternCommand\Drop">
      <UniqueIdentifier>{8db6a133-01ca-4bf4-a686-62fb2015f302}</UniqueIdentifier>
    </Filter>
    <Filter Include="Pattern\Move">
      <UniqueIdentifier>{4bd308b8-fccc-419b-aa1e-584743e17ec2}</UniqueIdentifier>
    </Filter>
    <Filter Include="Pattern\Drop">
      <UniqueIdentifier>{0eba3285-1fd9-448f-af7b-a3a784c1fcf9}</UniqueIdentifier>
    </Filter>
    <Filter Include="Pattern\Stay">
      <UniqueIdentifier>{da249a2c-48a5-48ff-92e7-209d3a060e2d}</UniqueIdentifier>
    </Filter>
    <Filter Include="PatternCommand\Warning">
      <UniqueIdentifier>{d9baf1fc-27bd-4793-bdc8-bf1e22f10c26}</UniqueIdentifier>
    </Filter>
    <Filter Include="Pattern\Warning">
      <UniqueIdentifier>{8a2b2eaf-e94d-4be5-879c-1d030f78aff4}</UniqueIdentifier>
    </Filter>
    <Filter Include="Pattern\Irregular">
      <UniqueIdentifier>{fa05d3dc-c107-458f-8c4d-ba4d2ab018bc}</UniqueIdentifier>
    </Filter>
    <Filter Include="PatternCommand\Irregular">
      <UniqueIdentifier>{a5d07ca7-0e41-451b-a4d5-f08668ce8b5f}</UniqueIdentifier>
    </Filter>
    <Filter Include="Effect">
      <UniqueIdentifier>{49943b7a-a18c-4b52-ad88-035c8a7d9ab2}</UniqueIdentifier>
    </Filter>
    <Filter Include="Pattern\Irregular\Boss2">
      <UniqueIdentifier>{e50d4db0-0240-4f82-88c7-37b42a22f85a}</UniqueIdentifier>
    </Filter>
    <Filter Include="Pattern\Irregular\Boss3">
      <UniqueIdentifier>{05afa7f4-bfc9-4b5e-8019-fa39b3fe6e06}</UniqueIdentifier>
    </Filter>
    <Filter Include="Pattern\Irregular\Boss5">
      <UniqueIdentifier>{3e13e3f3-3b73-4b29-bf60-2a03bb4f1ebc}</UniqueIdentifier>
    </Filter>
    <Filter Include="Pattern\Irregular\Boss6">
      <UniqueIdentifier>{c0c067bd-e179-434c-b3b3-1382c4d1bf38}</UniqueIdentifier>
    </Filter>
  </ItemGroup>
  <ItemGroup>
    <None Include="HowToScene.h">
      <Filter>Scene\HowToScene</Filter>
    </None>
  </ItemGroup>
</Project>